
Microsoft Visual Studio Solution File, Format Version 12.00
# Visual Studio 15
VisualStudioVersion = 15.0.27428.2037
MinimumVisualStudioVersion = 10.0.40219.1
Project("{FAE04EC0-301F-11D3-BF4B-00C04F79EFBC}") = "TextToPicture", "TextToPicture\TextToPicture.csproj", "{251ACD2D-C84D-45E3-A277-630EF6F82FAA}"
EndProject
Global
	GlobalSection(SolutionConfigurationPlatforms) = preSolution
		Debug|Any CPU = Debug|Any CPU
		Release|Any CPU = Release|Any CPU
	EndGlobalSection
	GlobalSection(ProjectConfigurationPlatforms) = postSolution
		{251ACD2D-C84D-45E3-A277-630EF6F82FAA}.Debug|Any CPU.ActiveCfg = Debug|Any CPU
		{251ACD2D-C84D-45E3-A277-630EF6F82FAA}.Debug|Any CPU.Build.0 = Debug|Any CPU
		{251ACD2D-C84D-45E3-A277-630EF6F82FAA}.Release|Any CPU.ActiveCfg = Release|Any CPU
		{251ACD2D-C84D-45E3-A277-630EF6F82FAA}.Release|Any CPU.Build.0 = Release|Any CPU
	EndGlobalSection
	GlobalSection(SolutionProperties) = preSolution
		HideSolutionNode = FALSE
	EndGlobalSection
	GlobalSection(ExtensibilityGlobals) = postSolution
		SolutionGuid = {A07A0B9A-A902-4B15-9681-956C1AC89F73}
	EndGlobalSection
EndGlobal
